
Microsoft Visual Studio Solution File, Format Version 12.00
# Visual Studio Version 17
VisualStudioVersion = 17.9.34622.214
MinimumVisualStudioVersion = 10.0.40219.1
Project("{FAE04EC0-301F-11D3-BF4B-00C04F79EFBC}") = "polimorfizm", "polimorfizm.csproj", "{070D7D30-36CA-4003-920A-B4884EF5ABAC}"
EndProject
Global
	GlobalSection(SolutionConfigurationPlatforms) = preSolution
		Debug|Any CPU = Debug|Any CPU
		Release|Any CPU = Release|Any CPU
	EndGlobalSection
	GlobalSection(ProjectConfigurationPlatforms) = postSolution
		{070D7D30-36CA-4003-920A-B4884EF5ABAC}.Debug|Any CPU.ActiveCfg = Debug|Any CPU
		{070D7D30-36CA-4003-920A-B4884EF5ABAC}.Debug|Any CPU.Build.0 = Debug|Any CPU
		{070D7D30-36CA-4003-920A-B4884EF5ABAC}.Release|Any CPU.ActiveCfg = Release|Any CPU
		{070D7D30-36CA-4003-920A-B4884EF5ABAC}.Release|Any CPU.Build.0 = Release|Any CPU
	EndGlobalSection
	GlobalSection(SolutionProperties) = preSolution
		HideSolutionNode = FALSE
	EndGlobalSection
	GlobalSection(ExtensibilityGlobals) = postSolution
		SolutionGuid = {1A6DDF74-8968-491E-ACAB-B8771FCCB277}
	EndGlobalSection
EndGlobal
